
Microsoft Visual Studio Solution File, Format Version 12.00
# Visual Studio Version 17
VisualStudioVersion = 17.9.34902.65
MinimumVisualStudioVersion = 10.0.40219.1
Project("{9A19103F-16F7-4668-BE54-9A1E7A4F7556}") = "HR-Platform", "HR-Platform\HR-Platform.csproj", "{F79C8284-FF4E-4CA8-AA77-7D627E57B726}"
EndProject
Project("{FAE04EC0-301F-11D3-BF4B-00C04F79EFBC}") = "HR-Platform.Tests", "HR-Platform.Tests\HR-Platform.Tests.csproj", "{2E3567F2-157B-426D-A342-9FD813F164B8}"
EndProject
Global
	GlobalSection(SolutionConfigurationPlatforms) = preSolution
		Debug|Any CPU = Debug|Any CPU
		Release|Any CPU = Release|Any CPU
	EndGlobalSection
	GlobalSection(ProjectConfigurationPlatforms) = postSolution
		{F79C8284-FF4E-4CA8-AA77-7D627E57B726}.Debug|Any CPU.ActiveCfg = Debug|Any CPU
		{F79C8284-FF4E-4CA8-AA77-7D627E57B726}.Debug|Any CPU.Build.0 = Debug|Any CPU
		{F79C8284-FF4E-4CA8-AA77-7D627E57B726}.Release|Any CPU.ActiveCfg = Release|Any CPU
		{F79C8284-FF4E-4CA8-AA77-7D627E57B726}.Release|Any CPU.Build.0 = Release|Any CPU
		{2E3567F2-157B-426D-A342-9FD813F164B8}.Debug|Any CPU.ActiveCfg = Debug|Any CPU
		{2E3567F2-157B-426D-A342-9FD813F164B8}.Debug|Any CPU.Build.0 = Debug|Any CPU
		{2E3567F2-157B-426D-A342-9FD813F164B8}.Release|Any CPU.ActiveCfg = Release|Any CPU
		{2E3567F2-157B-426D-A342-9FD813F164B8}.Release|Any CPU.Build.0 = Release|Any CPU
	EndGlobalSection
	GlobalSection(SolutionProperties) = preSolution
		HideSolutionNode = FALSE
	EndGlobalSection
	GlobalSection(ExtensibilityGlobals) = postSolution
		SolutionGuid = {210FFD0B-F9C1-4093-82BC-B2A3AA9D3ECF}
	EndGlobalSection
EndGlobal
